github.com/dave/jennifer v1.4.0 h1:tNJFJmLDVTLu+v05mVZ88RINa3vQqnyyWkTKWYz0CwE=
github.com/dave/jennifer v1.4.0/go.mod h1:fIb+770HOpJ2fmN9EPPKOqm1vMGhB+TwXKMZhrIygKg=
github.com/di-wu/regen v0.0.0-20191224153906-041b1bce4065 h1:Iov2tpNADzF5m/JwT+c1A8u40GmJKpmZp9Sb3jrPIPI=
github.com/di-wu/regen v0.0.0-20191224153906-041b1bce4065/go.mod h1:1AGOmC2ExxkWjWb7bQNwFD2+0PxttZRYlLeUayrARus=
github.com/elimity-com/abnf v0.0.0-20200610162259-f4f72320089d h1:7Vw1fWQGgXardcA/dxGwUW7C64e8FUZSnOAfEoGyKdM=
github.com/elimity-com/abnf v0.0.0-20200610162259-f4f72320089d/go.mod h1:m9PMRXUOzfswN/mctCqWk1HBxsrXV8cHQese1L9cpBQ=
github.com/elimity-com/abnf v0.0.0-20200627140532-95a4ea955452 h1:vuZlitUNFesXnDQxEqIJNjGQpyOL+E6q8JoqEahcA7Q=
github.com/elimity-com/abnf v0.0.0-20200627140532-95a4ea955452/go.mod h1:mRss6TJGX0tUK3SpSE7hLBxlAPzqvBbrBLk/9ApnmME=
github.com/elimity-com/abnf v0.0.0-20200629113109-dfc3b6d5edf0 h1:lNR5WgBFHnnn63leLCGt3tj4Vo5Qn1iQk66mM/ZcmNU=
github.com/elimity-com/abnf v0.0.0-20200629113109-dfc3b6d5edf0/go.mod h1:mRss6TJGX0tUK3SpSE7hLBxlAPzqvBbrBLk/9ApnmME=
golang.org/x/text v0.3.3 h1:cokOdA+Jmi5PJGXLlLllQSgYigAEfHXJAERHVMaCc2k=
golang.org/x/text v0.3.3/go.mod h1:5Zoc/QRtKVWzQhOtBMvqHzDpF6irO9z98xDceosuGiQ=
golang.org/x/tools v0.0.0-20180917221912-90fa682c2a6e/go.mod h1:n7NCudcB/nEzxVGmLbDWY5pfWTLqBcC2KZ6jyYvM4mQ=
