github.com/di-wu/regen v0.0.0-20191224153906-041b1bce4065/go.mod h1:1AGOmC2ExxkWjWb7bQNwFD2+0PxttZRYlLeUayrARus=
github.com/elimity-com/abnf v0.0.0-20200604095209-4af5a0cb72bc h1:3uTMC6os7MPsRA2hE2/3N6FHkPHnE2u8EXy517/JDu4=
github.com/elimity-com/abnf v0.0.0-20200604095209-4af5a0cb72bc/go.mod h1:OwOOwxDYNG6j5bIGZAW4g2qaLbuMP4sfvnDXl6isXJg=
